
Microsoft Visual Studio Solution File, Format Version 12.00
# Visual Studio Version 16
VisualStudioVersion = 16.0.29006.145
MinimumVisualStudioVersion = 10.0.40219.1
Project("{9A19103F-16F7-4668-BE54-9A1E7A4F7556}") = "BLogg.Core", "BLogg.Core\BLogg.Core.csproj", "{DBFD03A3-E916-4930-9095-8085F27487D9}"
EndProject
Project("{2150E333-8FDC-42A3-9474-1A3956D46DE8}") = "src", "src", "{B8817CCF-43D6-4667-9531-9F1719E3CEA7}"
EndProject
Global
	GlobalSection(SolutionConfigurationPlatforms) = preSolution
		Debug|Any CPU = Debug|Any CPU
		Release|Any CPU = Release|Any CPU
	EndGlobalSection
	GlobalSection(ProjectConfigurationPlatforms) = postSolution
		{DBFD03A3-E916-4930-9095-8085F27487D9}.Debug|Any CPU.ActiveCfg = Debug|Any CPU
		{DBFD03A3-E916-4930-9095-8085F27487D9}.Debug|Any CPU.Build.0 = Debug|Any CPU
		{DBFD03A3-E916-4930-9095-8085F27487D9}.Release|Any CPU.ActiveCfg = Release|Any CPU
		{DBFD03A3-E916-4930-9095-8085F27487D9}.Release|Any CPU.Build.0 = Release|Any CPU
	EndGlobalSection
	GlobalSection(SolutionProperties) = preSolution
		HideSolutionNode = FALSE
	EndGlobalSection
	GlobalSection(NestedProjects) = preSolution
		{DBFD03A3-E916-4930-9095-8085F27487D9} = {B8817CCF-43D6-4667-9531-9F1719E3CEA7}
	EndGlobalSection
	GlobalSection(ExtensibilityGlobals) = postSolution
		SolutionGuid = {BF0FB99F-3871-4146-AFD5-412C648E4D10}
	EndGlobalSection
EndGlobal
